
Microsoft Visual Studio Solution File, Format Version 12.00
# Visual Studio 15
Project("{FAE04EC0-301F-11D3-BF4B-00C04F79EFBC}") = "Unity.LevelPlay.Editor", "Unity.LevelPlay.Editor.csproj", "{C8BDA4F8-8EC3-6007-2C20-BB31E78EAC5C}"
EndProject
Project("{FAE04EC0-301F-11D3-BF4B-00C04F79EFBC}") = "Unity.LevelPlay", "Unity.LevelPlay.csproj", "{DD7734BC-D5AD-38C0-EF22-092975570A7A}"
EndProject
Project("{FAE04EC0-301F-11D3-BF4B-00C04F79EFBC}") = "IngameDebugConsole.Runtime", "IngameDebugConsole.Runtime.csproj", "{C648DCB9-C310-3D3D-B6E2-4969C7F845F6}"
EndProject
Project("{FAE04EC0-301F-11D3-BF4B-00C04F79EFBC}") = "Assembly-CSharp", "Assembly-CSharp.csproj", "{BDB4D47C-1BFB-9663-81C5-8D054957A250}"
EndProject
Project("{FAE04EC0-301F-11D3-BF4B-00C04F79EFBC}") = "Assembly-CSharp-firstpass", "Assembly-CSharp-firstpass.csproj", "{D330D31F-BB8D-953F-5F57-A55957625F9D}"
EndProject
Project("{FAE04EC0-301F-11D3-BF4B-00C04F79EFBC}") = "Sirenix.OdinInspector.Modules.UnityMathematics", "Sirenix.OdinInspector.Modules.UnityMathematics.csproj", "{912C9DBA-B401-5680-1506-58FBDC28F24F}"
EndProject
Project("{FAE04EC0-301F-11D3-BF4B-00C04F79EFBC}") = "IngameDebugConsole.Editor", "IngameDebugConsole.Editor.csproj", "{D665E6AD-19AB-B5D2-8284-D774E0B24ACE}"
EndProject
Project("{FAE04EC0-301F-11D3-BF4B-00C04F79EFBC}") = "Assembly-CSharp-Editor", "Assembly-CSharp-Editor.csproj", "{1564E714-3C2C-AEE3-EE3F-40AA444473D0}"
EndProject
Global
	GlobalSection(SolutionConfigurationPlatforms) = preSolution
		Debug|Any CPU = Debug|Any CPU
		Release|Any CPU = Release|Any CPU
	EndGlobalSection
	GlobalSection(ProjectConfigurationPlatforms) = postSolution
		{C8BDA4F8-8EC3-6007-2C20-BB31E78EAC5C}.Debug|Any CPU.ActiveCfg = Debug|Any CPU
		{C8BDA4F8-8EC3-6007-2C20-BB31E78EAC5C}.Debug|Any CPU.Build.0 = Debug|Any CPU
		{C8BDA4F8-8EC3-6007-2C20-BB31E78EAC5C}.Release|Any CPU.ActiveCfg = Release|Any CPU
		{C8BDA4F8-8EC3-6007-2C20-BB31E78EAC5C}.Release|Any CPU.Build.0 = Release|Any CPU
		{DD7734BC-D5AD-38C0-EF22-092975570A7A}.Debug|Any CPU.ActiveCfg = Debug|Any CPU
		{DD7734BC-D5AD-38C0-EF22-092975570A7A}.Debug|Any CPU.Build.0 = Debug|Any CPU
		{DD7734BC-D5AD-38C0-EF22-092975570A7A}.Release|Any CPU.ActiveCfg = Release|Any CPU
		{DD7734BC-D5AD-38C0-EF22-092975570A7A}.Release|Any CPU.Build.0 = Release|Any CPU
		{C648DCB9-C310-3D3D-B6E2-4969C7F845F6}.Debug|Any CPU.ActiveCfg = Debug|Any CPU
		{C648DCB9-C310-3D3D-B6E2-4969C7F845F6}.Debug|Any CPU.Build.0 = Debug|Any CPU
		{C648DCB9-C310-3D3D-B6E2-4969C7F845F6}.Release|Any CPU.ActiveCfg = Release|Any CPU
		{C648DCB9-C310-3D3D-B6E2-4969C7F845F6}.Release|Any CPU.Build.0 = Release|Any CPU
		{BDB4D47C-1BFB-9663-81C5-8D054957A250}.Debug|Any CPU.ActiveCfg = Debug|Any CPU
		{BDB4D47C-1BFB-9663-81C5-8D054957A250}.Debug|Any CPU.Build.0 = Debug|Any CPU
		{BDB4D47C-1BFB-9663-81C5-8D054957A250}.Release|Any CPU.ActiveCfg = Release|Any CPU
		{BDB4D47C-1BFB-9663-81C5-8D054957A250}.Release|Any CPU.Build.0 = Release|Any CPU
		{D330D31F-BB8D-953F-5F57-A55957625F9D}.Debug|Any CPU.ActiveCfg = Debug|Any CPU
		{D330D31F-BB8D-953F-5F57-A55957625F9D}.Debug|Any CPU.Build.0 = Debug|Any CPU
		{D330D31F-BB8D-953F-5F57-A55957625F9D}.Release|Any CPU.ActiveCfg = Release|Any CPU
		{D330D31F-BB8D-953F-5F57-A55957625F9D}.Release|Any CPU.Build.0 = Release|Any CPU
		{912C9DBA-B401-5680-1506-58FBDC28F24F}.Debug|Any CPU.ActiveCfg = Debug|Any CPU
		{912C9DBA-B401-5680-1506-58FBDC28F24F}.Debug|Any CPU.Build.0 = Debug|Any CPU
		{912C9DBA-B401-5680-1506-58FBDC28F24F}.Release|Any CPU.ActiveCfg = Release|Any CPU
		{912C9DBA-B401-5680-1506-58FBDC28F24F}.Release|Any CPU.Build.0 = Release|Any CPU
		{D665E6AD-19AB-B5D2-8284-D774E0B24ACE}.Debug|Any CPU.ActiveCfg = Debug|Any CPU
		{D665E6AD-19AB-B5D2-8284-D774E0B24ACE}.Debug|Any CPU.Build.0 = Debug|Any CPU
		{D665E6AD-19AB-B5D2-8284-D774E0B24ACE}.Release|Any CPU.ActiveCfg = Release|Any CPU
		{D665E6AD-19AB-B5D2-8284-D774E0B24ACE}.Release|Any CPU.Build.0 = Release|Any CPU
		{1564E714-3C2C-AEE3-EE3F-40AA444473D0}.Debug|Any CPU.ActiveCfg = Debug|Any CPU
		{1564E714-3C2C-AEE3-EE3F-40AA444473D0}.Debug|Any CPU.Build.0 = Debug|Any CPU
		{1564E714-3C2C-AEE3-EE3F-40AA444473D0}.Release|Any CPU.ActiveCfg = Release|Any CPU
		{1564E714-3C2C-AEE3-EE3F-40AA444473D0}.Release|Any CPU.Build.0 = Release|Any CPU
	EndGlobalSection
	GlobalSection(SolutionProperties) = preSolution
		HideSolutionNode = FALSE
	EndGlobalSection
EndGlobal
