
Microsoft Visual Studio Solution File, Format Version 12.00
# Visual Studio 15
Project("{FAE04EC0-301F-11D3-BF4B-00C04F79EFBC}") = "Assembly-CSharp-firstpass", "Assembly-CSharp-firstpass.csproj", "{D330D31F-BB8D-953F-5F57-A55957625F9D}"
EndProject
Project("{FAE04EC0-301F-11D3-BF4B-00C04F79EFBC}") = "Assembly-CSharp", "Assembly-CSharp.csproj", "{BDB4D47C-1BFB-9663-81C5-8D054957A250}"
EndProject
Project("{FAE04EC0-301F-11D3-BF4B-00C04F79EFBC}") = "Unity.ShaderGraph.Utilities", "Unity.ShaderGraph.Utilities.csproj", "{A45C0047-A08C-4136-BC35-C7F27A6AA729}"
EndProject
Project("{FAE04EC0-301F-11D3-BF4B-00C04F79EFBC}") = "Unity.RenderPipeline.Universal.ShaderLibrary", "Unity.RenderPipeline.Universal.ShaderLibrary.csproj", "{D17EDC82-B99A-75EE-429B-86612B3B57A6}"
EndProject
Project("{FAE04EC0-301F-11D3-BF4B-00C04F79EFBC}") = "Unity.RenderPipelines.Universal.Shaders", "Unity.RenderPipelines.Universal.Shaders.csproj", "{5F1FF953-6B3C-D87C-676F-7EB366E0CAAC}"
EndProject
Project("{FAE04EC0-301F-11D3-BF4B-00C04F79EFBC}") = "Assembly-CSharp-Editor", "Assembly-CSharp-Editor.csproj", "{1564E714-3C2C-AEE3-EE3F-40AA444473D0}"
EndProject
Project("{FAE04EC0-301F-11D3-BF4B-00C04F79EFBC}") = "Unity.RenderPipelines.ShaderGraph.ShaderGraphLibrary", "Unity.RenderPipelines.ShaderGraph.ShaderGraphLibrary.csproj", "{667EBA10-2BE3-DF22-E3BB-818BCA58F57C}"
EndProject
Project("{FAE04EC0-301F-11D3-BF4B-00C04F79EFBC}") = "Unity.RenderPipelines.Core.ShaderLibrary", "Unity.RenderPipelines.Core.ShaderLibrary.csproj", "{5A1E0F0C-74C6-E71F-811C-E3FE196B5016}"
EndProject
Global
	GlobalSection(SolutionConfigurationPlatforms) = preSolution
		Debug|Any CPU = Debug|Any CPU
		Release|Any CPU = Release|Any CPU
	EndGlobalSection
	GlobalSection(ProjectConfigurationPlatforms) = postSolution
		{D330D31F-BB8D-953F-5F57-A55957625F9D}.Debug|Any CPU.ActiveCfg = Debug|Any CPU
		{D330D31F-BB8D-953F-5F57-A55957625F9D}.Debug|Any CPU.Build.0 = Debug|Any CPU
		{D330D31F-BB8D-953F-5F57-A55957625F9D}.Release|Any CPU.ActiveCfg = Release|Any CPU
		{D330D31F-BB8D-953F-5F57-A55957625F9D}.Release|Any CPU.Build.0 = Release|Any CPU
		{BDB4D47C-1BFB-9663-81C5-8D054957A250}.Debug|Any CPU.ActiveCfg = Debug|Any CPU
		{BDB4D47C-1BFB-9663-81C5-8D054957A250}.Debug|Any CPU.Build.0 = Debug|Any CPU
		{BDB4D47C-1BFB-9663-81C5-8D054957A250}.Release|Any CPU.ActiveCfg = Release|Any CPU
		{BDB4D47C-1BFB-9663-81C5-8D054957A250}.Release|Any CPU.Build.0 = Release|Any CPU
		{A45C0047-A08C-4136-BC35-C7F27A6AA729}.Debug|Any CPU.ActiveCfg = Debug|Any CPU
		{A45C0047-A08C-4136-BC35-C7F27A6AA729}.Debug|Any CPU.Build.0 = Debug|Any CPU
		{A45C0047-A08C-4136-BC35-C7F27A6AA729}.Release|Any CPU.ActiveCfg = Release|Any CPU
		{A45C0047-A08C-4136-BC35-C7F27A6AA729}.Release|Any CPU.Build.0 = Release|Any CPU
		{D17EDC82-B99A-75EE-429B-86612B3B57A6}.Debug|Any CPU.ActiveCfg = Debug|Any CPU
		{D17EDC82-B99A-75EE-429B-86612B3B57A6}.Debug|Any CPU.Build.0 = Debug|Any CPU
		{D17EDC82-B99A-75EE-429B-86612B3B57A6}.Release|Any CPU.ActiveCfg = Release|Any CPU
		{D17EDC82-B99A-75EE-429B-86612B3B57A6}.Release|Any CPU.Build.0 = Release|Any CPU
		{5F1FF953-6B3C-D87C-676F-7EB366E0CAAC}.Debug|Any CPU.ActiveCfg = Debug|Any CPU
		{5F1FF953-6B3C-D87C-676F-7EB366E0CAAC}.Debug|Any CPU.Build.0 = Debug|Any CPU
		{5F1FF953-6B3C-D87C-676F-7EB366E0CAAC}.Release|Any CPU.ActiveCfg = Release|Any CPU
		{5F1FF953-6B3C-D87C-676F-7EB366E0CAAC}.Release|Any CPU.Build.0 = Release|Any CPU
		{1564E714-3C2C-AEE3-EE3F-40AA444473D0}.Debug|Any CPU.ActiveCfg = Debug|Any CPU
		{1564E714-3C2C-AEE3-EE3F-40AA444473D0}.Debug|Any CPU.Build.0 = Debug|Any CPU
		{1564E714-3C2C-AEE3-EE3F-40AA444473D0}.Release|Any CPU.ActiveCfg = Release|Any CPU
		{1564E714-3C2C-AEE3-EE3F-40AA444473D0}.Release|Any CPU.Build.0 = Release|Any CPU
		{667EBA10-2BE3-DF22-E3BB-818BCA58F57C}.Debug|Any CPU.ActiveCfg = Debug|Any CPU
		{667EBA10-2BE3-DF22-E3BB-818BCA58F57C}.Debug|Any CPU.Build.0 = Debug|Any CPU
		{667EBA10-2BE3-DF22-E3BB-818BCA58F57C}.Release|Any CPU.ActiveCfg = Release|Any CPU
		{667EBA10-2BE3-DF22-E3BB-818BCA58F57C}.Release|Any CPU.Build.0 = Release|Any CPU
		{5A1E0F0C-74C6-E71F-811C-E3FE196B5016}.Debug|Any CPU.ActiveCfg = Debug|Any CPU
		{5A1E0F0C-74C6-E71F-811C-E3FE196B5016}.Debug|Any CPU.Build.0 = Debug|Any CPU
		{5A1E0F0C-74C6-E71F-811C-E3FE196B5016}.Release|Any CPU.ActiveCfg = Release|Any CPU
		{5A1E0F0C-74C6-E71F-811C-E3FE196B5016}.Release|Any CPU.Build.0 = Release|Any CPU
	EndGlobalSection
	GlobalSection(SolutionProperties) = preSolution
		HideSolutionNode = FALSE
	EndGlobalSection
EndGlobal
