
Microsoft Visual Studio Solution File, Format Version 12.00
# Visual Studio 15
Project("{FAE04EC0-301F-11D3-BF4B-00C04F79EFBC}") = "Unity.ShaderGraph.Editor", "Unity.ShaderGraph.Editor.csproj", "{AA02E918-B541-AC85-4548-111AE2E27BB6}"
EndProject
Project("{FAE04EC0-301F-11D3-BF4B-00C04F79EFBC}") = "Unity.RenderPipelines.Core.Runtime", "Unity.RenderPipelines.Core.Runtime.csproj", "{FB379281-292A-5982-45C8-E135F1256FDF}"
EndProject
Project("{FAE04EC0-301F-11D3-BF4B-00C04F79EFBC}") = "Unity.RenderPipelines.Core.Editor", "Unity.RenderPipelines.Core.Editor.csproj", "{134C569E-EBBC-835A-0F9A-E089CC8A19B9}"
EndProject
Project("{FAE04EC0-301F-11D3-BF4B-00C04F79EFBC}") = "Unity.RenderPipelines.Universal.2D.Runtime", "Unity.RenderPipelines.Universal.2D.Runtime.csproj", "{AE190938-0EB1-0BDC-3482-2A07B9A1ECC5}"
EndProject
Project("{FAE04EC0-301F-11D3-BF4B-00C04F79EFBC}") = "Unity.RenderPipelines.Universal.Editor", "Unity.RenderPipelines.Universal.Editor.csproj", "{CC0CF49E-2CD9-C841-A5A6-EC49BFA20CAE}"
EndProject
Project("{FAE04EC0-301F-11D3-BF4B-00C04F79EFBC}") = "Unity.2D.Tilemap.Editor", "Unity.2D.Tilemap.Editor.csproj", "{9F17CDF1-8A16-CC0C-9CA7-83DFF688D06A}"
EndProject
Project("{FAE04EC0-301F-11D3-BF4B-00C04F79EFBC}") = "Unity.LevelPlay.Editor", "Unity.LevelPlay.Editor.csproj", "{C8BDA4F8-8EC3-6007-2C20-BB31E78EAC5C}"
EndProject
Project("{FAE04EC0-301F-11D3-BF4B-00C04F79EFBC}") = "PPv2URPConverters", "PPv2URPConverters.csproj", "{A05ACFFF-916F-292C-CD67-7218CE1D442B}"
EndProject
Project("{FAE04EC0-301F-11D3-BF4B-00C04F79EFBC}") = "Unity.RenderPipelines.Universal.Runtime", "Unity.RenderPipelines.Universal.Runtime.csproj", "{22D79A8D-B475-7400-F964-F6D3CA01D07A}"
EndProject
Project("{FAE04EC0-301F-11D3-BF4B-00C04F79EFBC}") = "Unity.LevelPlay", "Unity.LevelPlay.csproj", "{DD7734BC-D5AD-38C0-EF22-092975570A7A}"
EndProject
Project("{FAE04EC0-301F-11D3-BF4B-00C04F79EFBC}") = "UnityEngine.UI", "UnityEngine.UI.csproj", "{113586DA-AE5D-4804-5F9C-39858F0502B9}"
EndProject
Project("{FAE04EC0-301F-11D3-BF4B-00C04F79EFBC}") = "IngameDebugConsole.Runtime", "IngameDebugConsole.Runtime.csproj", "{C648DCB9-C310-3D3D-B6E2-4969C7F845F6}"
EndProject
Project("{FAE04EC0-301F-11D3-BF4B-00C04F79EFBC}") = "UnityEditor.UI", "UnityEditor.UI.csproj", "{16E29AE5-84FF-A677-BE5D-608B0D1B2F1B}"
EndProject
Project("{FAE04EC0-301F-11D3-BF4B-00C04F79EFBC}") = "Unity.2D.Sprite.Editor", "Unity.2D.Sprite.Editor.csproj", "{8389A9C7-9673-74BD-513F-A87697404715}"
EndProject
Project("{FAE04EC0-301F-11D3-BF4B-00C04F79EFBC}") = "Assembly-CSharp", "Assembly-CSharp.csproj", "{BDB4D47C-1BFB-9663-81C5-8D054957A250}"
EndProject
Project("{FAE04EC0-301F-11D3-BF4B-00C04F79EFBC}") = "Assembly-CSharp-firstpass", "Assembly-CSharp-firstpass.csproj", "{D330D31F-BB8D-953F-5F57-A55957625F9D}"
EndProject
Project("{FAE04EC0-301F-11D3-BF4B-00C04F79EFBC}") = "Unity.ShaderGraph.Utilities", "Unity.ShaderGraph.Utilities.csproj", "{A45C0047-A08C-4136-BC35-C7F27A6AA729}"
EndProject
Project("{FAE04EC0-301F-11D3-BF4B-00C04F79EFBC}") = "Unity.RenderPipeline.Universal.ShaderLibrary", "Unity.RenderPipeline.Universal.ShaderLibrary.csproj", "{D17EDC82-B99A-75EE-429B-86612B3B57A6}"
EndProject
Project("{FAE04EC0-301F-11D3-BF4B-00C04F79EFBC}") = "Sirenix.OdinInspector.Modules.UnityMathematics", "Sirenix.OdinInspector.Modules.UnityMathematics.csproj", "{912C9DBA-B401-5680-1506-58FBDC28F24F}"
EndProject
Project("{FAE04EC0-301F-11D3-BF4B-00C04F79EFBC}") = "Unity.RenderPipelines.Universal.Shaders", "Unity.RenderPipelines.Universal.Shaders.csproj", "{5F1FF953-6B3C-D87C-676F-7EB366E0CAAC}"
EndProject
Project("{FAE04EC0-301F-11D3-BF4B-00C04F79EFBC}") = "IngameDebugConsole.Editor", "IngameDebugConsole.Editor.csproj", "{D665E6AD-19AB-B5D2-8284-D774E0B24ACE}"
EndProject
Project("{FAE04EC0-301F-11D3-BF4B-00C04F79EFBC}") = "Assembly-CSharp-Editor", "Assembly-CSharp-Editor.csproj", "{1564E714-3C2C-AEE3-EE3F-40AA444473D0}"
EndProject
Project("{FAE04EC0-301F-11D3-BF4B-00C04F79EFBC}") = "Unity.RenderPipelines.ShaderGraph.ShaderGraphLibrary", "Unity.RenderPipelines.ShaderGraph.ShaderGraphLibrary.csproj", "{667EBA10-2BE3-DF22-E3BB-818BCA58F57C}"
EndProject
Project("{FAE04EC0-301F-11D3-BF4B-00C04F79EFBC}") = "Unity.RenderPipelines.Core.ShaderLibrary", "Unity.RenderPipelines.Core.ShaderLibrary.csproj", "{5A1E0F0C-74C6-E71F-811C-E3FE196B5016}"
EndProject
Global
	GlobalSection(SolutionConfigurationPlatforms) = preSolution
		Debug|Any CPU = Debug|Any CPU
		Release|Any CPU = Release|Any CPU
	EndGlobalSection
	GlobalSection(ProjectConfigurationPlatforms) = postSolution
		{AA02E918-B541-AC85-4548-111AE2E27BB6}.Debug|Any CPU.ActiveCfg = Debug|Any CPU
		{AA02E918-B541-AC85-4548-111AE2E27BB6}.Debug|Any CPU.Build.0 = Debug|Any CPU
		{AA02E918-B541-AC85-4548-111AE2E27BB6}.Release|Any CPU.ActiveCfg = Release|Any CPU
		{AA02E918-B541-AC85-4548-111AE2E27BB6}.Release|Any CPU.Build.0 = Release|Any CPU
		{FB379281-292A-5982-45C8-E135F1256FDF}.Debug|Any CPU.ActiveCfg = Debug|Any CPU
		{FB379281-292A-5982-45C8-E135F1256FDF}.Debug|Any CPU.Build.0 = Debug|Any CPU
		{FB379281-292A-5982-45C8-E135F1256FDF}.Release|Any CPU.ActiveCfg = Release|Any CPU
		{FB379281-292A-5982-45C8-E135F1256FDF}.Release|Any CPU.Build.0 = Release|Any CPU
		{134C569E-EBBC-835A-0F9A-E089CC8A19B9}.Debug|Any CPU.ActiveCfg = Debug|Any CPU
		{134C569E-EBBC-835A-0F9A-E089CC8A19B9}.Debug|Any CPU.Build.0 = Debug|Any CPU
		{134C569E-EBBC-835A-0F9A-E089CC8A19B9}.Release|Any CPU.ActiveCfg = Release|Any CPU
		{134C569E-EBBC-835A-0F9A-E089CC8A19B9}.Release|Any CPU.Build.0 = Release|Any CPU
		{AE190938-0EB1-0BDC-3482-2A07B9A1ECC5}.Debug|Any CPU.ActiveCfg = Debug|Any CPU
		{AE190938-0EB1-0BDC-3482-2A07B9A1ECC5}.Debug|Any CPU.Build.0 = Debug|Any CPU
		{AE190938-0EB1-0BDC-3482-2A07B9A1ECC5}.Release|Any CPU.ActiveCfg = Release|Any CPU
		{AE190938-0EB1-0BDC-3482-2A07B9A1ECC5}.Release|Any CPU.Build.0 = Release|Any CPU
		{CC0CF49E-2CD9-C841-A5A6-EC49BFA20CAE}.Debug|Any CPU.ActiveCfg = Debug|Any CPU
		{CC0CF49E-2CD9-C841-A5A6-EC49BFA20CAE}.Debug|Any CPU.Build.0 = Debug|Any CPU
		{CC0CF49E-2CD9-C841-A5A6-EC49BFA20CAE}.Release|Any CPU.ActiveCfg = Release|Any CPU
		{CC0CF49E-2CD9-C841-A5A6-EC49BFA20CAE}.Release|Any CPU.Build.0 = Release|Any CPU
		{9F17CDF1-8A16-CC0C-9CA7-83DFF688D06A}.Debug|Any CPU.ActiveCfg = Debug|Any CPU
		{9F17CDF1-8A16-CC0C-9CA7-83DFF688D06A}.Debug|Any CPU.Build.0 = Debug|Any CPU
		{9F17CDF1-8A16-CC0C-9CA7-83DFF688D06A}.Release|Any CPU.ActiveCfg = Release|Any CPU
		{9F17CDF1-8A16-CC0C-9CA7-83DFF688D06A}.Release|Any CPU.Build.0 = Release|Any CPU
		{C8BDA4F8-8EC3-6007-2C20-BB31E78EAC5C}.Debug|Any CPU.ActiveCfg = Debug|Any CPU
		{C8BDA4F8-8EC3-6007-2C20-BB31E78EAC5C}.Debug|Any CPU.Build.0 = Debug|Any CPU
		{C8BDA4F8-8EC3-6007-2C20-BB31E78EAC5C}.Release|Any CPU.ActiveCfg = Release|Any CPU
		{C8BDA4F8-8EC3-6007-2C20-BB31E78EAC5C}.Release|Any CPU.Build.0 = Release|Any CPU
		{A05ACFFF-916F-292C-CD67-7218CE1D442B}.Debug|Any CPU.ActiveCfg = Debug|Any CPU
		{A05ACFFF-916F-292C-CD67-7218CE1D442B}.Debug|Any CPU.Build.0 = Debug|Any CPU
		{A05ACFFF-916F-292C-CD67-7218CE1D442B}.Release|Any CPU.ActiveCfg = Release|Any CPU
		{A05ACFFF-916F-292C-CD67-7218CE1D442B}.Release|Any CPU.Build.0 = Release|Any CPU
		{22D79A8D-B475-7400-F964-F6D3CA01D07A}.Debug|Any CPU.ActiveCfg = Debug|Any CPU
		{22D79A8D-B475-7400-F964-F6D3CA01D07A}.Debug|Any CPU.Build.0 = Debug|Any CPU
		{22D79A8D-B475-7400-F964-F6D3CA01D07A}.Release|Any CPU.ActiveCfg = Release|Any CPU
		{22D79A8D-B475-7400-F964-F6D3CA01D07A}.Release|Any CPU.Build.0 = Release|Any CPU
		{DD7734BC-D5AD-38C0-EF22-092975570A7A}.Debug|Any CPU.ActiveCfg = Debug|Any CPU
		{DD7734BC-D5AD-38C0-EF22-092975570A7A}.Debug|Any CPU.Build.0 = Debug|Any CPU
		{DD7734BC-D5AD-38C0-EF22-092975570A7A}.Release|Any CPU.ActiveCfg = Release|Any CPU
		{DD7734BC-D5AD-38C0-EF22-092975570A7A}.Release|Any CPU.Build.0 = Release|Any CPU
		{113586DA-AE5D-4804-5F9C-39858F0502B9}.Debug|Any CPU.ActiveCfg = Debug|Any CPU
		{113586DA-AE5D-4804-5F9C-39858F0502B9}.Debug|Any CPU.Build.0 = Debug|Any CPU
		{113586DA-AE5D-4804-5F9C-39858F0502B9}.Release|Any CPU.ActiveCfg = Release|Any CPU
		{113586DA-AE5D-4804-5F9C-39858F0502B9}.Release|Any CPU.Build.0 = Release|Any CPU
		{C648DCB9-C310-3D3D-B6E2-4969C7F845F6}.Debug|Any CPU.ActiveCfg = Debug|Any CPU
		{C648DCB9-C310-3D3D-B6E2-4969C7F845F6}.Debug|Any CPU.Build.0 = Debug|Any CPU
		{C648DCB9-C310-3D3D-B6E2-4969C7F845F6}.Release|Any CPU.ActiveCfg = Release|Any CPU
		{C648DCB9-C310-3D3D-B6E2-4969C7F845F6}.Release|Any CPU.Build.0 = Release|Any CPU
		{16E29AE5-84FF-A677-BE5D-608B0D1B2F1B}.Debug|Any CPU.ActiveCfg = Debug|Any CPU
		{16E29AE5-84FF-A677-BE5D-608B0D1B2F1B}.Debug|Any CPU.Build.0 = Debug|Any CPU
		{16E29AE5-84FF-A677-BE5D-608B0D1B2F1B}.Release|Any CPU.ActiveCfg = Release|Any CPU
		{16E29AE5-84FF-A677-BE5D-608B0D1B2F1B}.Release|Any CPU.Build.0 = Release|Any CPU
		{8389A9C7-9673-74BD-513F-A87697404715}.Debug|Any CPU.ActiveCfg = Debug|Any CPU
		{8389A9C7-9673-74BD-513F-A87697404715}.Debug|Any CPU.Build.0 = Debug|Any CPU
		{8389A9C7-9673-74BD-513F-A87697404715}.Release|Any CPU.ActiveCfg = Release|Any CPU
		{8389A9C7-9673-74BD-513F-A87697404715}.Release|Any CPU.Build.0 = Release|Any CPU
		{BDB4D47C-1BFB-9663-81C5-8D054957A250}.Debug|Any CPU.ActiveCfg = Debug|Any CPU
		{BDB4D47C-1BFB-9663-81C5-8D054957A250}.Debug|Any CPU.Build.0 = Debug|Any CPU
		{BDB4D47C-1BFB-9663-81C5-8D054957A250}.Release|Any CPU.ActiveCfg = Release|Any CPU
		{BDB4D47C-1BFB-9663-81C5-8D054957A250}.Release|Any CPU.Build.0 = Release|Any CPU
		{D330D31F-BB8D-953F-5F57-A55957625F9D}.Debug|Any CPU.ActiveCfg = Debug|Any CPU
		{D330D31F-BB8D-953F-5F57-A55957625F9D}.Debug|Any CPU.Build.0 = Debug|Any CPU
		{D330D31F-BB8D-953F-5F57-A55957625F9D}.Release|Any CPU.ActiveCfg = Release|Any CPU
		{D330D31F-BB8D-953F-5F57-A55957625F9D}.Release|Any CPU.Build.0 = Release|Any CPU
		{A45C0047-A08C-4136-BC35-C7F27A6AA729}.Debug|Any CPU.ActiveCfg = Debug|Any CPU
		{A45C0047-A08C-4136-BC35-C7F27A6AA729}.Debug|Any CPU.Build.0 = Debug|Any CPU
		{A45C0047-A08C-4136-BC35-C7F27A6AA729}.Release|Any CPU.ActiveCfg = Release|Any CPU
		{A45C0047-A08C-4136-BC35-C7F27A6AA729}.Release|Any CPU.Build.0 = Release|Any CPU
		{D17EDC82-B99A-75EE-429B-86612B3B57A6}.Debug|Any CPU.ActiveCfg = Debug|Any CPU
		{D17EDC82-B99A-75EE-429B-86612B3B57A6}.Debug|Any CPU.Build.0 = Debug|Any CPU
		{D17EDC82-B99A-75EE-429B-86612B3B57A6}.Release|Any CPU.ActiveCfg = Release|Any CPU
		{D17EDC82-B99A-75EE-429B-86612B3B57A6}.Release|Any CPU.Build.0 = Release|Any CPU
		{912C9DBA-B401-5680-1506-58FBDC28F24F}.Debug|Any CPU.ActiveCfg = Debug|Any CPU
		{912C9DBA-B401-5680-1506-58FBDC28F24F}.Debug|Any CPU.Build.0 = Debug|Any CPU
		{912C9DBA-B401-5680-1506-58FBDC28F24F}.Release|Any CPU.ActiveCfg = Release|Any CPU
		{912C9DBA-B401-5680-1506-58FBDC28F24F}.Release|Any CPU.Build.0 = Release|Any CPU
		{5F1FF953-6B3C-D87C-676F-7EB366E0CAAC}.Debug|Any CPU.ActiveCfg = Debug|Any CPU
		{5F1FF953-6B3C-D87C-676F-7EB366E0CAAC}.Debug|Any CPU.Build.0 = Debug|Any CPU
		{5F1FF953-6B3C-D87C-676F-7EB366E0CAAC}.Release|Any CPU.ActiveCfg = Release|Any CPU
		{5F1FF953-6B3C-D87C-676F-7EB366E0CAAC}.Release|Any CPU.Build.0 = Release|Any CPU
		{D665E6AD-19AB-B5D2-8284-D774E0B24ACE}.Debug|Any CPU.ActiveCfg = Debug|Any CPU
		{D665E6AD-19AB-B5D2-8284-D774E0B24ACE}.Debug|Any CPU.Build.0 = Debug|Any CPU
		{D665E6AD-19AB-B5D2-8284-D774E0B24ACE}.Release|Any CPU.ActiveCfg = Release|Any CPU
		{D665E6AD-19AB-B5D2-8284-D774E0B24ACE}.Release|Any CPU.Build.0 = Release|Any CPU
		{1564E714-3C2C-AEE3-EE3F-40AA444473D0}.Debug|Any CPU.ActiveCfg = Debug|Any CPU
		{1564E714-3C2C-AEE3-EE3F-40AA444473D0}.Debug|Any CPU.Build.0 = Debug|Any CPU
		{1564E714-3C2C-AEE3-EE3F-40AA444473D0}.Release|Any CPU.ActiveCfg = Release|Any CPU
		{1564E714-3C2C-AEE3-EE3F-40AA444473D0}.Release|Any CPU.Build.0 = Release|Any CPU
		{667EBA10-2BE3-DF22-E3BB-818BCA58F57C}.Debug|Any CPU.ActiveCfg = Debug|Any CPU
		{667EBA10-2BE3-DF22-E3BB-818BCA58F57C}.Debug|Any CPU.Build.0 = Debug|Any CPU
		{667EBA10-2BE3-DF22-E3BB-818BCA58F57C}.Release|Any CPU.ActiveCfg = Release|Any CPU
		{667EBA10-2BE3-DF22-E3BB-818BCA58F57C}.Release|Any CPU.Build.0 = Release|Any CPU
		{5A1E0F0C-74C6-E71F-811C-E3FE196B5016}.Debug|Any CPU.ActiveCfg = Debug|Any CPU
		{5A1E0F0C-74C6-E71F-811C-E3FE196B5016}.Debug|Any CPU.Build.0 = Debug|Any CPU
		{5A1E0F0C-74C6-E71F-811C-E3FE196B5016}.Release|Any CPU.ActiveCfg = Release|Any CPU
		{5A1E0F0C-74C6-E71F-811C-E3FE196B5016}.Release|Any CPU.Build.0 = Release|Any CPU
	EndGlobalSection
	GlobalSection(SolutionProperties) = preSolution
		HideSolutionNode = FALSE
	EndGlobalSection
EndGlobal
